// !$*UTF8*$!
{
	archiveVersion = 1;
	classes = {
	};
	objectVersion = 46;
	objects = {

/* Begin PBXBuildFile section */
		55BD60CA1E2557520078D3EB /* AppDelegate.swift in Sources */ = {isa = PBXBuildFile; fileRef = 55BD60C91E2557520078D3EB /* AppDelegate.swift */; };
		55BD60CC1E2557520078D3EB /* SignInVC.swift in Sources */ = {isa = PBXBuildFile; fileRef = 55BD60CB1E2557520078D3EB /* SignInVC.swift */; };
		55BD60CF1E2557520078D3EB /* Main.storyboard in Resources */ = {isa = PBXBuildFile; fileRef = 55BD60CD1E2557520078D3EB /* Main.storyboard */; };
		55BD60D11E2557520078D3EB /* Assets.xcassets in Resources */ = {isa = PBXBuildFile; fileRef = 55BD60D01E2557520078D3EB /* Assets.xcassets */; };
		55BD60D41E2557520078D3EB /* LaunchScreen.storyboard in Resources */ = {isa = PBXBuildFile; fileRef = 55BD60D21E2557520078D3EB /* LaunchScreen.storyboard */; };
		55BD60DC1E25579C0078D3EB /* GoogleService-Info.plist in Resources */ = {isa = PBXBuildFile; fileRef = 55BD60DB1E25579C0078D3EB /* GoogleService-Info.plist */; };
		BD280FEA8C25D34846B1B343 /* Pods_yas_social.framework in Frameworks */ = {isa = PBXBuildFile; fileRef = 62CA8FB71E43590759C5AC6B /* Pods_yas_social.framework */; };
/* End PBXBuildFile section */

/* Begin PBXFileReference section */
		113D6ABBEE78D804F6DFEB7B /* Pods-yas-social.release.xcconfig */ = {isa = PBXFileReference; includeInIndex = 1; lastKnownFileType = text.xcconfig; name = "Pods-yas-social.release.xcconfig"; path = "Pods/Target Support Files/Pods-yas-social/Pods-yas-social.release.xcconfig"; sourceTree = "<group>"; };
		479475CF02C2613B6E92764A /* Pods-yas-social.debug.xcconfig */ = {isa = PBXFileReference; includeInIndex = 1; lastKnownFileType = text.xcconfig; name = "Pods-yas-social.debug.xcconfig"; path = "Pods/Target Support Files/Pods-yas-social/Pods-yas-social.debug.xcconfig"; sourceTree = "<group>"; };
		55BD60C61E2557520078D3EB /* yas-social.app */ = {isa = PBXFileReference; explicitFileType = wrapper.application; includeInIndex = 0; path = "yas-social.app"; sourceTree = BUILT_PRODUCTS_DIR; };
		55BD60C91E2557520078D3EB /* AppDelegate.swift */ = {isa = PBXFileReference; lastKnownFileType = sourcecode.swift; path = AppDelegate.swift; sourceTree = "<group>"; };
		55BD60CB1E2557520078D3EB /* SignInVC.swift */ = {isa = PBXFileReference; lastKnownFileType = sourcecode.swift; path = SignInVC.swift; sourceTree = "<group>"; };
		55BD60CE1E2557520078D3EB /* Base */ = {isa = PBXFileReference; lastKnownFileType = file.storyboard; name = Base; path = Base.lproj/Main.storyboard; sourceTree = "<group>"; };
		55BD60D01E2557520078D3EB /* Assets.xcassets */ = {isa = PBXFileReference; lastKnownFileType = folder.assetcatalog; path = Assets.xcassets; sourceTree = "<group>"; };
		55BD60D31E2557520078D3EB /* Base */ = {isa = PBXFileReference; lastKnownFileType = file.storyboard; name = Base; path = Base.lproj/LaunchScreen.storyboard; sourceTree = "<group>"; };
		55BD60D51E2557520078D3EB /* Info.plist */ = {isa = PBXFileReference; lastKnownFileType = text.plist.xml; path = Info.plist; sourceTree = "<group>"; };
		55BD60DB1E25579C0078D3EB /* GoogleService-Info.plist */ = {isa = PBXFileReference; fileEncoding = 4; lastKnownFileType = text.plist.xml; path = "GoogleService-Info.plist"; sourceTree = "<group>"; };
		62CA8FB71E43590759C5AC6B /* Pods_yas_social.framework */ = {isa = PBXFileReference; explicitFileType = wrapper.framework; includeInIndex = 0; path = Pods_yas_social.framework; sourceTree = BUILT_PRODUCTS_DIR; };
/* End PBXFileReference section */

/* Begin PBXFrameworksBuildPhase section */
		55BD60C31E2557510078D3EB /* Frameworks */ = {
			isa = PBXFrameworksBuildPhase;
			buildActionMask = 2147483647;
			files = (
				BD280FEA8C25D34846B1B343 /* Pods_yas_social.framework in Frameworks */,
			);
			runOnlyForDeploymentPostprocessing = 0;
		};
/* End PBXFrameworksBuildPhase section */

/* Begin PBXGroup section */
		0D6EFD350E16C9EA1DA9E6B0 /* Pods */ = {
			isa = PBXGroup;
			children = (
				479475CF02C2613B6E92764A /* Pods-yas-social.debug.xcconfig */,
				113D6ABBEE78D804F6DFEB7B /* Pods-yas-social.release.xcconfig */,
			);
			name = Pods;
			sourceTree = "<group>";
		};
		55BD60BD1E2557510078D3EB = {
			isa = PBXGroup;
			children = (
				55BD60C81E2557520078D3EB /* yas-social */,
				55BD60C71E2557520078D3EB /* Products */,
				0D6EFD350E16C9EA1DA9E6B0 /* Pods */,
				DC6937A142667E2B9D7FD4B8 /* Frameworks */,
			);
			sourceTree = "<group>";
		};
		55BD60C71E2557520078D3EB /* Products */ = {
			isa = PBXGroup;
			children = (
				55BD60C61E2557520078D3EB /* yas-social.app */,
			);
			name = Products;
			sourceTree = "<group>";
		};
		55BD60C81E2557520078D3EB /* yas-social */ = {
			isa = PBXGroup;
			children = (
				55DF17EF1E2559BF00BED7BB /* Model */,
				55DF17F01E2559C700BED7BB /* Controller */,
				55BD60C91E2557520078D3EB /* AppDelegate.swift */,
				55BD60CD1E2557520078D3EB /* Main.storyboard */,
				55BD60D01E2557520078D3EB /* Assets.xcassets */,
				55BD60D21E2557520078D3EB /* LaunchScreen.storyboard */,
				55BD60D51E2557520078D3EB /* Info.plist */,
				55BD60DB1E25579C0078D3EB /* GoogleService-Info.plist */,
			);
			path = "yas-social";
			sourceTree = "<group>";
		};
		55DF17EF1E2559BF00BED7BB /* Model */ = {
			isa = PBXGroup;
			children = (
			);
			name = Model;
			sourceTree = "<group>";
		};
		55DF17F01E2559C700BED7BB /* Controller */ = {
			isa = PBXGroup;
			children = (
				55BD60CB1E2557520078D3EB /* SignInVC.swift */,
				55DF17F11E2559D400BED7BB /* View */,
			);
			name = Controller;
			sourceTree = "<group>";
		};
		55DF17F11E2559D400BED7BB /* View */ = {
			isa = PBXGroup;
			children = (
			);
			name = View;
			sourceTree = "<group>";
		};
		DC6937A142667E2B9D7FD4B8 /* Frameworks */ = {
			isa = PBXGroup;
			children = (
				62CA8FB71E43590759C5AC6B /* Pods_yas_social.framework */,
			);
			name = Frameworks;
			sourceTree = "<group>";
		};
/* End PBXGroup section */

/* Begin PBXNativeTarget section */
		55BD60C51E2557510078D3EB /* yas-social */ = {
			isa = PBXNativeTarget;
			buildConfigurationList = 55BD60D81E2557520078D3EB /* Build configuration list for PBXNativeTarget "yas-social" */;
			buildPhases = (
				1051162CC7B43DA0C7D6A7D4 /* [CP] Check Pods Manifest.lock */,
				55BD60C21E2557510078D3EB /* Sources */,
				55BD60C31E2557510078D3EB /* Frameworks */,
				55BD60C41E2557510078D3EB /* Resources */,
				09AB2384409D769DDCEB6705 /* [CP] Embed Pods Frameworks */,
				F521610EED491952527A7A0C /* [CP] Copy Pods Resources */,
			);
			buildRules = (
			);
			dependencies = (
			);
			name = "yas-social";
			productName = "yas-social";
			productReference = 55BD60C61E2557520078D3EB /* yas-social.app */;
			productType = "com.apple.product-type.application";
		};
/* End PBXNativeTarget section */

/* Begin PBXProject section */
		55BD60BE1E2557510078D3EB /* Project object */ = {
			isa = PBXProject;
			attributes = {
				LastSwiftUpdateCheck = 0820;
				LastUpgradeCheck = 0820;
				ORGANIZATIONNAME = "Yasin Abdullahi";
				TargetAttributes = {
					55BD60C51E2557510078D3EB = {
						CreatedOnToolsVersion = 8.2.1;
						DevelopmentTeam = HZXSDD5AP6;
						ProvisioningStyle = Automatic;
					};
				};
			};
			buildConfigurationList = 55BD60C11E2557510078D3EB /* Build configuration list for PBXProject "yas-social" */;
			compatibilityVersion = "Xcode 3.2";
			developmentRegion = English;
			hasScannedForEncodings = 0;
			knownRegions = (
				en,
				Base,
			);
			mainGroup = 55BD60BD1E2557510078D3EB;
			productRefGroup = 55BD60C71E2557520078D3EB /* Products */;
			projectDirPath = "";
			projectRoot = "";
			targets = (
				55BD60C51E2557510078D3EB /* yas-social */,
			);
		};
/* End PBXProject section */

/* Begin PBXResourcesBuildPhase section */
		55BD60C41E2557510078D3EB /* Resources */ = {
			isa = PBXResourcesBuildPhase;
			buildActionMask = 2147483647;
			files = (
				55BD60DC1E25579C0078D3EB /* GoogleService-Info.plist in Resources */,
				55BD60D41E2557520078D3EB /* LaunchScreen.storyboard in Resources */,
				55BD60D11E2557520078D3EB /* Assets.xcassets in Resources */,
				55BD60CF1E2557520078D3EB /* Main.storyboard in Resources */,
			);
			runOnlyForDeploymentPostprocessing = 0;
		};
/* End PBXResourcesBuildPhase section */

/* Begin PBXShellScriptBuildPhase section */
		09AB2384409D769DDCEB6705 /* [CP] Embed Pods Frameworks */ = {
			isa = PBXShellScriptBuildPhase;
			buildActionMask = 2147483647;
			files = (
			);
			inputPaths = (
			);
			name = "[CP] Embed Pods Frameworks";
			outputPaths = (
			);
			runOnlyForDeploymentPostprocessing = 0;
			shellPath = /bin/sh;
			shellScript = "\"${SRCROOT}/Pods/Target Support Files/Pods-yas-social/Pods-yas-social-frameworks.sh\"\n";
			showEnvVarsInLog = 0;
		};
		1051162CC7B43DA0C7D6A7D4 /* [CP] Check Pods Manifest.lock */ = {
			isa = PBXShellScriptBuildPhase;
			buildActionMask = 2147483647;
			files = (
			);
			inputPaths = (
			);
			name = "[CP] Check Pods Manifest.lock";
			outputPaths = (
			);
			runOnlyForDeploymentPostprocessing = 0;
			shellPath = /bin/sh;
			shellScript = "diff \"${PODS_ROOT}/../Podfile.lock\" \"${PODS_ROOT}/Manifest.lock\" > /dev/null\nif [ $? != 0 ] ; then\n    # print error to STDERR\n    echo \"error: The sandbox is not in sync with the Podfile.lock. Run 'pod install' or update your CocoaPods installation.\" >&2\n    exit 1\nfi\n";
			showEnvVarsInLog = 0;
		};
		F521610EED491952527A7A0C /* [CP] Copy Pods Resources */ = {
			isa = PBXShellScriptBuildPhase;
			buildActionMask = 2147483647;
			files = (
			);
			inputPaths = (
			);
			name = "[CP] Copy Pods Resources";
			outputPaths = (
			);
			runOnlyForDeploymentPostprocessing = 0;
			shellPath = /bin/sh;
			shellScript = "\"${SRCROOT}/Pods/Target Support Files/Pods-yas-social/Pods-yas-social-resources.sh\"\n";
			showEnvVarsInLog = 0;
		};
/* End PBXShellScriptBuildPhase section */

/* Begin PBXSourcesBuildPhase section */
		55BD60C21E2557510078D3EB /* Sources */ = {
			isa = PBXSourcesBuildPhase;
			buildActionMask = 2147483647;
			files = (
				55BD60CC1E2557520078D3EB /* SignInVC.swift in Sources */,
				55BD60CA1E2557520078D3EB /* AppDelegate.swift in Sources */,
			);
			runOnlyForDeploymentPostprocessing = 0;
		};
/* End PBXSourcesBuildPhase section */

/* Begin PBXVariantGroup section */
		55BD60CD1E2557520078D3EB /* Main.storyboard */ = {
			isa = PBXVariantGroup;
			children = (
				55BD60CE1E2557520078D3EB /* Base */,
			);
			name = Main.storyboard;
			sourceTree = "<group>";
		};
		55BD60D21E2557520078D3EB /* LaunchScreen.storyboard */ = {
			isa = PBXVariantGroup;
			children = (
				55BD60D31E2557520078D3EB /* Base */,
			);
			name = LaunchScreen.storyboard;
			sourceTree = "<group>";
		};
/* End PBXVariantGroup section */

/* Begin XCBuildConfiguration section */
		55BD60D61E2557520078D3EB /* Debug */ = {
			isa = XCBuildConfiguration;
			buildSettings = {
				ALWAYS_SEARCH_USER_PATHS = NO;
				CLANG_ANALYZER_NONNULL = YES;
				CLANG_CXX_LANGUAGE_STANDARD = "gnu++0x";
				CLANG_CXX_LIBRARY = "libc++";
				CLANG_ENABLE_MODULES = YES;
				CLANG_ENABLE_OBJC_ARC = YES;
				CLANG_WARN_BOOL_CONVERSION = YES;
				CLANG_WARN_CONSTANT_CONVERSION = YES;
				CLANG_WARN_DIRECT_OBJC_ISA_USAGE = YES_ERROR;
				CLANG_WARN_DOCUMENTATION_COMMENTS = YES;
				CLANG_WARN_EMPTY_BODY = YES;
				CLANG_WARN_ENUM_CONVERSION = YES;
				CLANG_WARN_INFINITE_RECURSION = YES;
				CLANG_WARN_INT_CONVERSION = YES;
				CLANG_WARN_OBJC_ROOT_CLASS = YES_ERROR;
				CLANG_WARN_SUSPICIOUS_MOVE = YES;
				CLANG_WARN_UNREACHABLE_CODE = YES;
				CLANG_WARN__DUPLICATE_METHOD_MATCH = YES;
				"CODE_SIGN_IDENTITY[sdk=iphoneos*]" = "iPhone Developer";
				COPY_PHASE_STRIP = NO;
				DEBUG_INFORMATION_FORMAT = dwarf;
				ENABLE_STRICT_OBJC_MSGSEND = YES;
				ENABLE_TESTABILITY = YES;
				GCC_C_LANGUAGE_STANDARD = gnu99;
				GCC_DYNAMIC_NO_PIC = NO;
				GCC_NO_COMMON_BLOCKS = YES;
				GCC_OPTIMIZATION_LEVEL = 0;
				GCC_PREPROCESSOR_DEFINITIONS = (
					"DEBUG=1",
					"$(inherited)",
				);
				GCC_WARN_64_TO_32_BIT_CONVERSION = YES;
				GCC_WARN_ABOUT_RETURN_TYPE = YES_ERROR;
				GCC_WARN_UNDECLARED_SELECTOR = YES;
				GCC_WARN_UNINITIALIZED_AUTOS = YES_AGGRESSIVE;
				GCC_WARN_UNUSED_FUNCTION = YES;
				GCC_WARN_UNUSED_VARIABLE = YES;
				IPHONEOS_DEPLOYMENT_TARGET = 10.2;
				MTL_ENABLE_DEBUG_INFO = YES;
				ONLY_ACTIVE_ARCH = YES;
				SDKROOT = iphoneos;
				SWIFT_ACTIVE_COMPILATION_CONDITIONS = DEBUG;
				SWIFT_OPTIMIZATION_LEVEL = "-Onone";
				TARGETED_DEVICE_FAMILY = "1,2";
			};
			name = Debug;
		};
		55BD60D71E2557520078D3EB /* Release */ = {
			isa = XCBuildConfiguration;
			buildSettings = {
				ALWAYS_SEARCH_USER_PATHS = NO;
				CLANG_ANALYZER_NONNULL = YES;
				CLANG_CXX_LANGUAGE_STANDARD = "gnu++0x";
				CLANG_CXX_LIBRARY = "libc++";
				CLANG_ENABLE_MODULES = YES;
				CLANG_ENABLE_OBJC_ARC = YES;
				CLANG_WARN_BOOL_CONVERSION = YES;
				CLANG_WARN_CONSTANT_CONVERSION = YES;
				CLANG_WARN_DIRECT_OBJC_ISA_USAGE = YES_ERROR;
				CLANG_WARN_DOCUMENTATION_COMMENTS = YES;
				CLANG_WARN_EMPTY_BODY = YES;
				CLANG_WARN_ENUM_CONVERSION = YES;
				CLANG_WARN_INFINITE_RECURSION = YES;
				CLANG_WARN_INT_CONVERSION = YES;
				CLANG_WARN_OBJC_ROOT_CLASS = YES_ERROR;
				CLANG_WARN_SUSPICIOUS_MOVE = YES;
				CLANG_WARN_UNREACHABLE_CODE = YES;
				CLANG_WARN__DUPLICATE_METHOD_MATCH = YES;
				"CODE_SIGN_IDENTITY[sdk=iphoneos*]" = "iPhone Developer";
				COPY_PHASE_STRIP = NO;
				DEBUG_INFORMATION_FORMAT = "dwarf-with-dsym";
				ENABLE_NS_ASSERTIONS = NO;
				ENABLE_STRICT_OBJC_MSGSEND = YES;
				GCC_C_LANGUAGE_STANDARD = gnu99;
				GCC_NO_COMMON_BLOCKS = YES;
				GCC_WARN_64_TO_32_BIT_CONVERSION = YES;
				GCC_WARN_ABOUT_RETURN_TYPE = YES_ERROR;
				GCC_WARN_UNDECLARED_SELECTOR = YES;
				GCC_WARN_UNINITIALIZED_AUTOS = YES_AGGRESSIVE;
				GCC_WARN_UNUSED_FUNCTION = YES;
				GCC_WARN_UNUSED_VARIABLE = YES;
				IPHONEOS_DEPLOYMENT_TARGET = 10.2;
				MTL_ENABLE_DEBUG_INFO = NO;
				SDKROOT = iphoneos;
				SWIFT_OPTIMIZATION_LEVEL = "-Owholemodule";
				TARGETED_DEVICE_FAMILY = "1,2";
				VALIDATE_PRODUCT = YES;
			};
			name = Release;
		};
		55BD60D91E2557520078D3EB /* Debug */ = {
			isa = XCBuildConfiguration;
			baseConfigurationReference = 479475CF02C2613B6E92764A /* Pods-yas-social.debug.xcconfig */;
			buildSettings = {
				ASSETCATALOG_COMPILER_APPICON_NAME = AppIcon;
				DEVELOPMENT_TEAM = HZXSDD5AP6;
				INFOPLIST_FILE = "yas-social/Info.plist";
				LD_RUNPATH_SEARCH_PATHS = "$(inherited) @executable_path/Frameworks";
				PRODUCT_BUNDLE_IDENTIFIER = "com.yas-social";
				PRODUCT_NAME = "$(TARGET_NAME)";
				SWIFT_VERSION = 3.0;
			};
			name = Debug;
		};
		55BD60DA1E2557520078D3EB /* Release */ = {
			isa = XCBuildConfiguration;
			baseConfigurationReference = 113D6ABBEE78D804F6DFEB7B /* Pods-yas-social.release.xcconfig */;
			buildSettings = {
				ASSETCATALOG_COMPILER_APPICON_NAME = AppIcon;
				DEVELOPMENT_TEAM = HZXSDD5AP6;
				INFOPLIST_FILE = "yas-social/Info.plist";
				LD_RUNPATH_SEARCH_PATHS = "$(inherited) @executable_path/Frameworks";
				PRODUCT_BUNDLE_IDENTIFIER = "com.yas-social";
				PRODUCT_NAME = "$(TARGET_NAME)";
				SWIFT_VERSION = 3.0;
			};
			name = Release;
		};
/* End XCBuildConfiguration section */

/* Begin XCConfigurationList section */
		55BD60C11E2557510078D3EB /* Build configuration list for PBXProject "yas-social" */ = {
			isa = XCConfigurationList;
			buildConfigurations = (
				55BD60D61E2557520078D3EB /* Debug */,
				55BD60D71E2557520078D3EB /* Release */,
			);
			defaultConfigurationIsVisible = 0;
			defaultConfigurationName = Release;
		};
		55BD60D81E2557520078D3EB /* Build configuration list for PBXNativeTarget "yas-social" */ = {
			isa = XCConfigurationList;
			buildConfigurations = (
				55BD60D91E2557520078D3EB /* Debug */,
				55BD60DA1E2557520078D3EB /* Release */,
			);
			defaultConfigurationIsVisible = 0;
			defaultConfigurationName = Release;
		};
/* End XCConfigurationList section */
	};
	rootObject = 55BD60BE1E2557510078D3EB /* Project object */;
}
